// !$*UTF8*$!
{
	archiveVersion = 1;
	classes = {
	};
	objectVersion = 50;
	objects = {

/* Begin PBXBuildFile section */
		0E391F2415A5726AC9E18186 /* PanModalKeyboardPresentable+Defaults.swift in Sources */ = {isa = PBXBuildFile; fileRef = 82F2FF2E7898D35F82E277D6 /* PanModalKeyboardPresentable+Defaults.swift */; };
		1D34D9B02EB1AC010D28A788 /* PanModalHeight.swift in Sources */ = {isa = PBXBuildFile; fileRef = ABF65B3D44F3AC87AC56675B /* PanModalHeight.swift */; };
		2D12137F8718A3970F14AFA1 /* PanModalAnimator.swift in Sources */ = {isa = PBXBuildFile; fileRef = 247F269CB9E79F921797C868 /* PanModalAnimator.swift */; };
		3FE4AC79C0FFC08A763B73CA /* PanModalPresenter.swift in Sources */ = {isa = PBXBuildFile; fileRef = B88988866B1E9B8041D8CDBC /* PanModalPresenter.swift */; };
		4ADB47FF2175663ADCA39476 /* PanModalPresentable.swift in Sources */ = {isa = PBXBuildFile; fileRef = CEF747134DCC92CD1E6B1A1C /* PanModalPresentable.swift */; };
		564E41966241D7803EA68C20 /* PanModalKeyboardPresentable.swift in Sources */ = {isa = PBXBuildFile; fileRef = F99DE1EC61D2721C1D5BD49E /* PanModalKeyboardPresentable.swift */; };
		568E31FE1C634747DF96BF89 /* PanModalPresentationAnimator.swift in Sources */ = {isa = PBXBuildFile; fileRef = BE33C1773BA187DC156A1573 /* PanModalPresentationAnimator.swift */; };
		7F6A9D4296C19BBC01898E49 /* PanModalPresentable+Defaults.swift in Sources */ = {isa = PBXBuildFile; fileRef = B3BE99A40E84171281F1D649 /* PanModalPresentable+Defaults.swift */; };
		847DF45F2EE236DC6632D86B /* PanContainerView.swift in Sources */ = {isa = PBXBuildFile; fileRef = 6182FE3A8D6D219CE0CDCCCF /* PanContainerView.swift */; };
		A5E91380A4091F2092B662CE /* PanModalPresentable+LayoutHelpers.swift in Sources */ = {isa = PBXBuildFile; fileRef = BCF005E45B676AD3F7B78FAD /* PanModalPresentable+LayoutHelpers.swift */; };
		A7D3582C1ADA0E60361A9B30 /* UIViewController+PanModalPresenter.swift in Sources */ = {isa = PBXBuildFile; fileRef = 6E9105024A9438C1AC2D8D29 /* UIViewController+PanModalPresenter.swift */; };
		B9E8259F773D27BAA416DCDB /* PanModalPresentationController.swift in Sources */ = {isa = PBXBuildFile; fileRef = D58F1F9245FCF277E33A16FE /* PanModalPresentationController.swift */; };
		BD2A2F384AA6A669BB094AFE /* DimmedView.swift in Sources */ = {isa = PBXBuildFile; fileRef = D9359135D025D85DF75DE4F5 /* DimmedView.swift */; };
		C5212562E96EB66723FA4AF5 /* PanModalNavigationController.swift in Sources */ = {isa = PBXBuildFile; fileRef = 9BAE1B81D3CE5D181BF9FEC5 /* PanModalNavigationController.swift */; };
		DF004916923A0853BE2A6EF3 /* PanModalPresentable+UIViewController.swift in Sources */ = {isa = PBXBuildFile; fileRef = 9A6D777902F927D45E55BD58 /* PanModalPresentable+UIViewController.swift */; };
		EB726BFFEE56C0BF9E060581 /* PanModalPresentationDelegate.swift in Sources */ = {isa = PBXBuildFile; fileRef = 666A2C96EA5A339D2BF1AFD7 /* PanModalPresentationDelegate.swift */; };
/* End PBXBuildFile section */

/* Begin PBXCopyFilesBuildPhase section */
		4B713D3FD1A9A1B3FD2103F6 /* Embed Frameworks */ = {
			isa = PBXCopyFilesBuildPhase;
			buildActionMask = 2147483647;
			dstPath = "";
			dstSubfolderSpec = 10;
			files = (
			);
			name = "Embed Frameworks";
			runOnlyForDeploymentPostprocessing = 0;
		};
/* End PBXCopyFilesBuildPhase section */

/* Begin PBXFileReference section */
		20E8316EBC147D20D0D4AFCC /* PanModal.framework */ = {isa = PBXFileReference; explicitFileType = wrapper.framework; includeInIndex = 0; path = PanModal.framework; sourceTree = BUILT_PRODUCTS_DIR; };
		247F269CB9E79F921797C868 /* PanModalAnimator.swift */ = {isa = PBXFileReference; lastKnownFileType = sourcecode.swift; path = PanModalAnimator.swift; sourceTree = "<group>"; };
		5D4E1B52C8DEB3611236C530 /* PanModal-Info.plist */ = {isa = PBXFileReference; lastKnownFileType = text.plist; path = "PanModal-Info.plist"; sourceTree = "<group>"; };
		6182FE3A8D6D219CE0CDCCCF /* PanContainerView.swift */ = {isa = PBXFileReference; lastKnownFileType = sourcecode.swift; path = PanContainerView.swift; sourceTree = "<group>"; };
		666A2C96EA5A339D2BF1AFD7 /* PanModalPresentationDelegate.swift */ = {isa = PBXFileReference; lastKnownFileType = sourcecode.swift; path = PanModalPresentationDelegate.swift; sourceTree = "<group>"; };
		6E9105024A9438C1AC2D8D29 /* UIViewController+PanModalPresenter.swift */ = {isa = PBXFileReference; lastKnownFileType = sourcecode.swift; path = "UIViewController+PanModalPresenter.swift"; sourceTree = "<group>"; };
		82F2FF2E7898D35F82E277D6 /* PanModalKeyboardPresentable+Defaults.swift */ = {isa = PBXFileReference; lastKnownFileType = sourcecode.swift; path = "PanModalKeyboardPresentable+Defaults.swift"; sourceTree = "<group>"; };
		9A6D777902F927D45E55BD58 /* PanModalPresentable+UIViewController.swift */ = {isa = PBXFileReference; lastKnownFileType = sourcecode.swift; path = "PanModalPresentable+UIViewController.swift"; sourceTree = "<group>"; };
		9BAE1B81D3CE5D181BF9FEC5 /* PanModalNavigationController.swift */ = {isa = PBXFileReference; lastKnownFileType = sourcecode.swift; path = PanModalNavigationController.swift; sourceTree = "<group>"; };
		ABF65B3D44F3AC87AC56675B /* PanModalHeight.swift */ = {isa = PBXFileReference; lastKnownFileType = sourcecode.swift; path = PanModalHeight.swift; sourceTree = "<group>"; };
		B3BE99A40E84171281F1D649 /* PanModalPresentable+Defaults.swift */ = {isa = PBXFileReference; lastKnownFileType = sourcecode.swift; path = "PanModalPresentable+Defaults.swift"; sourceTree = "<group>"; };
		B88988866B1E9B8041D8CDBC /* PanModalPresenter.swift */ = {isa = PBXFileReference; lastKnownFileType = sourcecode.swift; path = PanModalPresenter.swift; sourceTree = "<group>"; };
		BCF005E45B676AD3F7B78FAD /* PanModalPresentable+LayoutHelpers.swift */ = {isa = PBXFileReference; lastKnownFileType = sourcecode.swift; path = "PanModalPresentable+LayoutHelpers.swift"; sourceTree = "<group>"; };
		BE33C1773BA187DC156A1573 /* PanModalPresentationAnimator.swift */ = {isa = PBXFileReference; lastKnownFileType = sourcecode.swift; path = PanModalPresentationAnimator.swift; sourceTree = "<group>"; };
		CEF747134DCC92CD1E6B1A1C /* PanModalPresentable.swift */ = {isa = PBXFileReference; lastKnownFileType = sourcecode.swift; path = PanModalPresentable.swift; sourceTree = "<group>"; };
		D58F1F9245FCF277E33A16FE /* PanModalPresentationController.swift */ = {isa = PBXFileReference; lastKnownFileType = sourcecode.swift; path = PanModalPresentationController.swift; sourceTree = "<group>"; };
		D9359135D025D85DF75DE4F5 /* DimmedView.swift */ = {isa = PBXFileReference; lastKnownFileType = sourcecode.swift; path = DimmedView.swift; sourceTree = "<group>"; };
		F99DE1EC61D2721C1D5BD49E /* PanModalKeyboardPresentable.swift */ = {isa = PBXFileReference; lastKnownFileType = sourcecode.swift; path = PanModalKeyboardPresentable.swift; sourceTree = "<group>"; };
/* End PBXFileReference section */

/* Begin PBXFrameworksBuildPhase section */
		9B001E5E298EBB4F06957710 /* Frameworks */ = {
			isa = PBXFrameworksBuildPhase;
			buildActionMask = 2147483647;
			files = (
			);
			runOnlyForDeploymentPostprocessing = 0;
		};
/* End PBXFrameworksBuildPhase section */

/* Begin PBXGroup section */
		0E15AB33DF0F04ED376AD871 /* Products */ = {
			isa = PBXGroup;
			children = (
				20E8316EBC147D20D0D4AFCC /* PanModal.framework */,
			);
			name = Products;
			sourceTree = "<group>";
		};
		1EE8AF31D3AD6ADAE5A2F5B4 /* KeyboardPresentable */ = {
			isa = PBXGroup;
			children = (
				F99DE1EC61D2721C1D5BD49E /* PanModalKeyboardPresentable.swift */,
				82F2FF2E7898D35F82E277D6 /* PanModalKeyboardPresentable+Defaults.swift */,
			);
			path = KeyboardPresentable;
			sourceTree = "<group>";
		};
		1FDDFE36812B21100970C573 = {
			isa = PBXGroup;
			children = (
				D3D84F2F13701F701BFE149E /* Project */,
				357EF2A08DF98FB9EFAF2C72 /* Frameworks */,
				0E15AB33DF0F04ED376AD871 /* Products */,
			);
			sourceTree = "<group>";
		};
		26D371B632C7963B57350947 /* Animator */ = {
			isa = PBXGroup;
			children = (
				247F269CB9E79F921797C868 /* PanModalAnimator.swift */,
				BE33C1773BA187DC156A1573 /* PanModalPresentationAnimator.swift */,
			);
			path = Animator;
			sourceTree = "<group>";
		};
		357EF2A08DF98FB9EFAF2C72 /* Frameworks */ = {
			isa = PBXGroup;
			children = (
			);
			name = Frameworks;
			sourceTree = "<group>";
		};
		50511DA5F1A1D1544D4692A1 /* InfoPlists */ = {
			isa = PBXGroup;
			children = (
				5D4E1B52C8DEB3611236C530 /* PanModal-Info.plist */,
			);
			path = InfoPlists;
			sourceTree = "<group>";
		};
		5741396B55D075D098E40E92 /* Presentable */ = {
			isa = PBXGroup;
			children = (
				ABF65B3D44F3AC87AC56675B /* PanModalHeight.swift */,
				CEF747134DCC92CD1E6B1A1C /* PanModalPresentable.swift */,
				B3BE99A40E84171281F1D649 /* PanModalPresentable+Defaults.swift */,
				BCF005E45B676AD3F7B78FAD /* PanModalPresentable+LayoutHelpers.swift */,
				9A6D777902F927D45E55BD58 /* PanModalPresentable+UIViewController.swift */,
			);
			path = Presentable;
			sourceTree = "<group>";
		};
		5B2E705D3A9A0381ED241E6A /* Presenter */ = {
			isa = PBXGroup;
			children = (
				B88988866B1E9B8041D8CDBC /* PanModalPresenter.swift */,
				6E9105024A9438C1AC2D8D29 /* UIViewController+PanModalPresenter.swift */,
			);
			path = Presenter;
			sourceTree = "<group>";
		};
		6230FC53F41790705FFE9704 /* View */ = {
			isa = PBXGroup;
			children = (
				D9359135D025D85DF75DE4F5 /* DimmedView.swift */,
				6182FE3A8D6D219CE0CDCCCF /* PanContainerView.swift */,
			);
			path = View;
			sourceTree = "<group>";
		};
		72C84C35A71A983A26D3CC70 /* Controller */ = {
			isa = PBXGroup;
			children = (
				9BAE1B81D3CE5D181BF9FEC5 /* PanModalNavigationController.swift */,
				D58F1F9245FCF277E33A16FE /* PanModalPresentationController.swift */,
			);
			path = Controller;
			sourceTree = "<group>";
		};
		C5E5E974319C26486287CE0D /* Delegate */ = {
			isa = PBXGroup;
			children = (
				666A2C96EA5A339D2BF1AFD7 /* PanModalPresentationDelegate.swift */,
			);
			path = Delegate;
			sourceTree = "<group>";
		};
		CBC53B798DC85A88A0F37788 /* PanModal */ = {
			isa = PBXGroup;
			children = (
				26D371B632C7963B57350947 /* Animator */,
				72C84C35A71A983A26D3CC70 /* Controller */,
				C5E5E974319C26486287CE0D /* Delegate */,
				1EE8AF31D3AD6ADAE5A2F5B4 /* KeyboardPresentable */,
				5741396B55D075D098E40E92 /* Presentable */,
				5B2E705D3A9A0381ED241E6A /* Presenter */,
				6230FC53F41790705FFE9704 /* View */,
			);
			path = PanModal;
			sourceTree = "<group>";
		};
		D3D84F2F13701F701BFE149E /* Project */ = {
			isa = PBXGroup;
			children = (
				E2BEA16CB73FB082C98CE042 /* Derived */,
				CBC53B798DC85A88A0F37788 /* PanModal */,
			);
			name = Project;
			sourceTree = "<group>";
		};
		E2BEA16CB73FB082C98CE042 /* Derived */ = {
			isa = PBXGroup;
			children = (
				50511DA5F1A1D1544D4692A1 /* InfoPlists */,
			);
			path = Derived;
			sourceTree = "<group>";
		};
/* End PBXGroup section */

/* Begin PBXNativeTarget section */
		A1D7F00CED08E18E42393F30 /* PanModal */ = {
			isa = PBXNativeTarget;
			buildConfigurationList = 1EF84CF17AB6EB3D75687471 /* Build configuration list for PBXNativeTarget "PanModal" */;
			buildPhases = (
				94AAB8E6AC75DF47314D92B0 /* Sources */,
				F66597CDECE92B03C3CEA1E8 /* Resources */,
				4B713D3FD1A9A1B3FD2103F6 /* Embed Frameworks */,
				9B001E5E298EBB4F06957710 /* Frameworks */,
			);
			buildRules = (
			);
			dependencies = (
			);
			name = PanModal;
			productName = PanModal;
			productReference = 20E8316EBC147D20D0D4AFCC /* PanModal.framework */;
			productType = "com.apple.product-type.framework";
		};
/* End PBXNativeTarget section */

/* Begin PBXProject section */
		51DD5472E1F398FE6B6A5302 /* Project object */ = {
			isa = PBXProject;
			attributes = {
				LastUpgradeCheck = 9999;
				TargetAttributes = {
				};
			};
			buildConfigurationList = CCC9A83A9BFD2A0A523DC090 /* Build configuration list for PBXProject "PanModal" */;
			compatibilityVersion = "Xcode 13.0";
			developmentRegion = en;
			hasScannedForEncodings = 0;
			knownRegions = (
				Base,
				en,
			);
			mainGroup = 1FDDFE36812B21100970C573;
			productRefGroup = 0E15AB33DF0F04ED376AD871 /* Products */;
			projectDirPath = "";
			projectRoot = "";
			targets = (
				A1D7F00CED08E18E42393F30 /* PanModal */,
			);
		};
/* End PBXProject section */

/* Begin PBXResourcesBuildPhase section */
		F66597CDECE92B03C3CEA1E8 /* Resources */ = {
			isa = PBXResourcesBuildPhase;
			buildActionMask = 2147483647;
			files = (
			);
			runOnlyForDeploymentPostprocessing = 0;
		};
/* End PBXResourcesBuildPhase section */

/* Begin PBXSourcesBuildPhase section */
		94AAB8E6AC75DF47314D92B0 /* Sources */ = {
			isa = PBXSourcesBuildPhase;
			buildActionMask = 2147483647;
			files = (
				2D12137F8718A3970F14AFA1 /* PanModalAnimator.swift in Sources */,
				568E31FE1C634747DF96BF89 /* PanModalPresentationAnimator.swift in Sources */,
				C5212562E96EB66723FA4AF5 /* PanModalNavigationController.swift in Sources */,
				B9E8259F773D27BAA416DCDB /* PanModalPresentationController.swift in Sources */,
				EB726BFFEE56C0BF9E060581 /* PanModalPresentationDelegate.swift in Sources */,
				0E391F2415A5726AC9E18186 /* PanModalKeyboardPresentable+Defaults.swift in Sources */,
				564E41966241D7803EA68C20 /* PanModalKeyboardPresentable.swift in Sources */,
				1D34D9B02EB1AC010D28A788 /* PanModalHeight.swift in Sources */,
				7F6A9D4296C19BBC01898E49 /* PanModalPresentable+Defaults.swift in Sources */,
				A5E91380A4091F2092B662CE /* PanModalPresentable+LayoutHelpers.swift in Sources */,
				DF004916923A0853BE2A6EF3 /* PanModalPresentable+UIViewController.swift in Sources */,
				4ADB47FF2175663ADCA39476 /* PanModalPresentable.swift in Sources */,
				3FE4AC79C0FFC08A763B73CA /* PanModalPresenter.swift in Sources */,
				A7D3582C1ADA0E60361A9B30 /* UIViewController+PanModalPresenter.swift in Sources */,
				BD2A2F384AA6A669BB094AFE /* DimmedView.swift in Sources */,
				847DF45F2EE236DC6632D86B /* PanContainerView.swift in Sources */,
			);
			runOnlyForDeploymentPostprocessing = 0;
		};
/* End PBXSourcesBuildPhase section */

/* Begin XCBuildConfiguration section */
		0668EADCA7021F53E887B1AD /* RC */ = {
			isa = XCBuildConfiguration;
			buildSettings = {
				ALWAYS_SEARCH_USER_PATHS = NO;
				CLANG_ANALYZER_LOCALIZABILITY_NONLOCALIZED = YES;
				CLANG_ANALYZER_NONNULL = YES;
				CLANG_ANALYZER_NUMBER_OBJECT_CONVERSION = YES_AGGRESSIVE;
				CLANG_CXX_LANGUAGE_STANDARD = "gnu++14";
				CLANG_CXX_LIBRARY = "libc++";
				CLANG_ENABLE_MODULES = YES;
				CLANG_ENABLE_OBJC_ARC = YES;
				CLANG_ENABLE_OBJC_WEAK = YES;
				CLANG_WARN_BLOCK_CAPTURE_AUTORELEASING = YES;
				CLANG_WARN_BOOL_CONVERSION = YES;
				CLANG_WARN_COMMA = YES;
				CLANG_WARN_CONSTANT_CONVERSION = YES;
				CLANG_WARN_DEPRECATED_OBJC_IMPLEMENTATIONS = YES;
				CLANG_WARN_DIRECT_OBJC_ISA_USAGE = YES_ERROR;
				CLANG_WARN_DOCUMENTATION_COMMENTS = YES;
				CLANG_WARN_EMPTY_BODY = YES;
				CLANG_WARN_ENUM_CONVERSION = YES;
				CLANG_WARN_INFINITE_RECURSION = YES;
				CLANG_WARN_INT_CONVERSION = YES;
				CLANG_WARN_NON_LITERAL_NULL_CONVERSION = YES;
				CLANG_WARN_OBJC_IMPLICIT_RETAIN_SELF = YES;
				CLANG_WARN_OBJC_LITERAL_CONVERSION = YES;
				CLANG_WARN_OBJC_ROOT_CLASS = YES_ERROR;
				CLANG_WARN_QUOTED_INCLUDE_IN_FRAMEWORK_HEADER = YES;
				CLANG_WARN_RANGE_LOOP_ANALYSIS = YES;
				CLANG_WARN_STRICT_PROTOTYPES = YES;
				CLANG_WARN_SUSPICIOUS_MOVE = YES;
				CLANG_WARN_UNGUARDED_AVAILABILITY = YES_AGGRESSIVE;
				CLANG_WARN_UNREACHABLE_CODE = YES;
				CLANG_WARN__DUPLICATE_METHOD_MATCH = YES;
				COPY_PHASE_STRIP = NO;
				DEBUG_INFORMATION_FORMAT = "dwarf-with-dsym";
				ENABLE_NS_ASSERTIONS = NO;
				ENABLE_STRICT_OBJC_MSGSEND = YES;
				GCC_C_LANGUAGE_STANDARD = gnu11;
				GCC_NO_COMMON_BLOCKS = YES;
				GCC_WARN_64_TO_32_BIT_CONVERSION = YES;
				GCC_WARN_ABOUT_RETURN_TYPE = YES_ERROR;
				GCC_WARN_UNDECLARED_SELECTOR = YES;
				GCC_WARN_UNINITIALIZED_AUTOS = YES_AGGRESSIVE;
				GCC_WARN_UNUSED_FUNCTION = YES;
				GCC_WARN_UNUSED_VARIABLE = YES;
				MTL_ENABLE_DEBUG_INFO = NO;
				PRODUCT_NAME = "$(TARGET_NAME)";
				SWIFT_VERSION = 5.0.0;
				VALIDATE_PRODUCT = YES;
			};
			name = RC;
		};
		1D56DC7D6BC19BC32E163F99 /* Beta */ = {
			isa = XCBuildConfiguration;
			buildSettings = {
				ALWAYS_SEARCH_USER_PATHS = NO;
				CLANG_ANALYZER_LOCALIZABILITY_NONLOCALIZED = YES;
				CLANG_ANALYZER_NONNULL = YES;
				CLANG_ANALYZER_NUMBER_OBJECT_CONVERSION = YES_AGGRESSIVE;
				CLANG_CXX_LANGUAGE_STANDARD = "gnu++14";
				CLANG_CXX_LIBRARY = "libc++";
				CLANG_ENABLE_MODULES = YES;
				CLANG_ENABLE_OBJC_ARC = YES;
				CLANG_ENABLE_OBJC_WEAK = YES;
				CLANG_WARN_BLOCK_CAPTURE_AUTORELEASING = YES;
				CLANG_WARN_BOOL_CONVERSION = YES;
				CLANG_WARN_COMMA = YES;
				CLANG_WARN_CONSTANT_CONVERSION = YES;
				CLANG_WARN_DEPRECATED_OBJC_IMPLEMENTATIONS = YES;
				CLANG_WARN_DIRECT_OBJC_ISA_USAGE = YES_ERROR;
				CLANG_WARN_DOCUMENTATION_COMMENTS = YES;
				CLANG_WARN_EMPTY_BODY = YES;
				CLANG_WARN_ENUM_CONVERSION = YES;
				CLANG_WARN_INFINITE_RECURSION = YES;
				CLANG_WARN_INT_CONVERSION = YES;
				CLANG_WARN_NON_LITERAL_NULL_CONVERSION = YES;
				CLANG_WARN_OBJC_IMPLICIT_RETAIN_SELF = YES;
				CLANG_WARN_OBJC_LITERAL_CONVERSION = YES;
				CLANG_WARN_OBJC_ROOT_CLASS = YES_ERROR;
				CLANG_WARN_QUOTED_INCLUDE_IN_FRAMEWORK_HEADER = YES;
				CLANG_WARN_RANGE_LOOP_ANALYSIS = YES;
				CLANG_WARN_STRICT_PROTOTYPES = YES;
				CLANG_WARN_SUSPICIOUS_MOVE = YES;
				CLANG_WARN_UNGUARDED_AVAILABILITY = YES_AGGRESSIVE;
				CLANG_WARN_UNREACHABLE_CODE = YES;
				CLANG_WARN__DUPLICATE_METHOD_MATCH = YES;
				COPY_PHASE_STRIP = NO;
				DEBUG_INFORMATION_FORMAT = "dwarf-with-dsym";
				ENABLE_NS_ASSERTIONS = NO;
				ENABLE_STRICT_OBJC_MSGSEND = YES;
				GCC_C_LANGUAGE_STANDARD = gnu11;
				GCC_NO_COMMON_BLOCKS = YES;
				GCC_WARN_64_TO_32_BIT_CONVERSION = YES;
				GCC_WARN_ABOUT_RETURN_TYPE = YES_ERROR;
				GCC_WARN_UNDECLARED_SELECTOR = YES;
				GCC_WARN_UNINITIALIZED_AUTOS = YES_AGGRESSIVE;
				GCC_WARN_UNUSED_FUNCTION = YES;
				GCC_WARN_UNUSED_VARIABLE = YES;
				MTL_ENABLE_DEBUG_INFO = NO;
				PRODUCT_NAME = "$(TARGET_NAME)";
				SWIFT_VERSION = 5.0.0;
				VALIDATE_PRODUCT = YES;
			};
			name = Beta;
		};
		22DDDC7256B72FA8475E139A /* Release */ = {
			isa = XCBuildConfiguration;
			buildSettings = {
				ALWAYS_SEARCH_USER_PATHS = NO;
				CLANG_ANALYZER_LOCALIZABILITY_NONLOCALIZED = YES;
				CLANG_ANALYZER_NONNULL = YES;
				CLANG_ANALYZER_NUMBER_OBJECT_CONVERSION = YES_AGGRESSIVE;
				CLANG_CXX_LANGUAGE_STANDARD = "gnu++14";
				CLANG_CXX_LIBRARY = "libc++";
				CLANG_ENABLE_MODULES = YES;
				CLANG_ENABLE_OBJC_ARC = YES;
				CLANG_ENABLE_OBJC_WEAK = YES;
				CLANG_WARN_BLOCK_CAPTURE_AUTORELEASING = YES;
				CLANG_WARN_BOOL_CONVERSION = YES;
				CLANG_WARN_COMMA = YES;
				CLANG_WARN_CONSTANT_CONVERSION = YES;
				CLANG_WARN_DEPRECATED_OBJC_IMPLEMENTATIONS = YES;
				CLANG_WARN_DIRECT_OBJC_ISA_USAGE = YES_ERROR;
				CLANG_WARN_DOCUMENTATION_COMMENTS = YES;
				CLANG_WARN_EMPTY_BODY = YES;
				CLANG_WARN_ENUM_CONVERSION = YES;
				CLANG_WARN_INFINITE_RECURSION = YES;
				CLANG_WARN_INT_CONVERSION = YES;
				CLANG_WARN_NON_LITERAL_NULL_CONVERSION = YES;
				CLANG_WARN_OBJC_IMPLICIT_RETAIN_SELF = YES;
				CLANG_WARN_OBJC_LITERAL_CONVERSION = YES;
				CLANG_WARN_OBJC_ROOT_CLASS = YES_ERROR;
				CLANG_WARN_QUOTED_INCLUDE_IN_FRAMEWORK_HEADER = YES;
				CLANG_WARN_RANGE_LOOP_ANALYSIS = YES;
				CLANG_WARN_STRICT_PROTOTYPES = YES;
				CLANG_WARN_SUSPICIOUS_MOVE = YES;
				CLANG_WARN_UNGUARDED_AVAILABILITY = YES_AGGRESSIVE;
				CLANG_WARN_UNREACHABLE_CODE = YES;
				CLANG_WARN__DUPLICATE_METHOD_MATCH = YES;
				COPY_PHASE_STRIP = NO;
				DEBUG_INFORMATION_FORMAT = "dwarf-with-dsym";
				ENABLE_NS_ASSERTIONS = NO;
				ENABLE_STRICT_OBJC_MSGSEND = YES;
				GCC_C_LANGUAGE_STANDARD = gnu11;
				GCC_NO_COMMON_BLOCKS = YES;
				GCC_WARN_64_TO_32_BIT_CONVERSION = YES;
				GCC_WARN_ABOUT_RETURN_TYPE = YES_ERROR;
				GCC_WARN_UNDECLARED_SELECTOR = YES;
				GCC_WARN_UNINITIALIZED_AUTOS = YES_AGGRESSIVE;
				GCC_WARN_UNUSED_FUNCTION = YES;
				GCC_WARN_UNUSED_VARIABLE = YES;
				MTL_ENABLE_DEBUG_INFO = NO;
				PRODUCT_NAME = "$(TARGET_NAME)";
				SWIFT_VERSION = 5.0.0;
				VALIDATE_PRODUCT = YES;
			};
			name = Release;
		};
		9F845F0EE0D93C7D3FF56572 /* Debug */ = {
			isa = XCBuildConfiguration;
			buildSettings = {
				ALWAYS_SEARCH_USER_PATHS = NO;
				CLANG_ANALYZER_LOCALIZABILITY_NONLOCALIZED = YES;
				CLANG_ANALYZER_NONNULL = YES;
				CLANG_ANALYZER_NUMBER_OBJECT_CONVERSION = YES_AGGRESSIVE;
				CLANG_CXX_LANGUAGE_STANDARD = "gnu++14";
				CLANG_CXX_LIBRARY = "libc++";
				CLANG_ENABLE_MODULES = YES;
				CLANG_ENABLE_OBJC_ARC = YES;
				CLANG_ENABLE_OBJC_WEAK = YES;
				CLANG_WARN_BLOCK_CAPTURE_AUTORELEASING = YES;
				CLANG_WARN_BOOL_CONVERSION = YES;
				CLANG_WARN_COMMA = YES;
				CLANG_WARN_CONSTANT_CONVERSION = YES;
				CLANG_WARN_DEPRECATED_OBJC_IMPLEMENTATIONS = YES;
				CLANG_WARN_DIRECT_OBJC_ISA_USAGE = YES_ERROR;
				CLANG_WARN_DOCUMENTATION_COMMENTS = YES;
				CLANG_WARN_EMPTY_BODY = YES;
				CLANG_WARN_ENUM_CONVERSION = YES;
				CLANG_WARN_INFINITE_RECURSION = YES;
				CLANG_WARN_INT_CONVERSION = YES;
				CLANG_WARN_NON_LITERAL_NULL_CONVERSION = YES;
				CLANG_WARN_OBJC_IMPLICIT_RETAIN_SELF = YES;
				CLANG_WARN_OBJC_LITERAL_CONVERSION = YES;
				CLANG_WARN_OBJC_ROOT_CLASS = YES_ERROR;
				CLANG_WARN_QUOTED_INCLUDE_IN_FRAMEWORK_HEADER = YES;
				CLANG_WARN_RANGE_LOOP_ANALYSIS = YES;
				CLANG_WARN_STRICT_PROTOTYPES = YES;
				CLANG_WARN_SUSPICIOUS_MOVE = YES;
				CLANG_WARN_UNGUARDED_AVAILABILITY = YES_AGGRESSIVE;
				CLANG_WARN_UNREACHABLE_CODE = YES;
				CLANG_WARN__DUPLICATE_METHOD_MATCH = YES;
				COPY_PHASE_STRIP = NO;
				DEBUG_INFORMATION_FORMAT = dwarf;
				ENABLE_STRICT_OBJC_MSGSEND = YES;
				ENABLE_TESTABILITY = YES;
				GCC_C_LANGUAGE_STANDARD = gnu11;
				GCC_DYNAMIC_NO_PIC = NO;
				GCC_NO_COMMON_BLOCKS = YES;
				GCC_OPTIMIZATION_LEVEL = 0;
				GCC_PREPROCESSOR_DEFINITIONS = (
					"DEBUG=1",
					"$(inherited)",
				);
				GCC_WARN_64_TO_32_BIT_CONVERSION = YES;
				GCC_WARN_ABOUT_RETURN_TYPE = YES_ERROR;
				GCC_WARN_UNDECLARED_SELECTOR = YES;
				GCC_WARN_UNINITIALIZED_AUTOS = YES_AGGRESSIVE;
				GCC_WARN_UNUSED_FUNCTION = YES;
				GCC_WARN_UNUSED_VARIABLE = YES;
				MTL_ENABLE_DEBUG_INFO = YES;
				ONLY_ACTIVE_ARCH = YES;
				PRODUCT_NAME = "$(TARGET_NAME)";
				SWIFT_VERSION = 5.0.0;
			};
			name = Debug;
		};
		AFB1220559985510119E2D47 /* Beta */ = {
			isa = XCBuildConfiguration;
			buildSettings = {
				ALWAYS_SEARCH_USER_PATHS = YES;
				CLANG_ENABLE_OBJC_WEAK = NO;
				CLANG_WARN_QUOTED_INCLUDE_IN_FRAMEWORK_HEADER = NO;
				CODE_SIGN_IDENTITY = "";
				CURRENT_PROJECT_VERSION = 1;
				DEFINES_MODULE = YES;
				DYLIB_COMPATIBILITY_VERSION = 1;
				DYLIB_CURRENT_VERSION = 1;
				DYLIB_INSTALL_NAME_BASE = "@rpath";
				ENABLE_STRICT_OBJC_MSGSEND = NO;
				FRAMEWORK_SEARCH_PATHS = (
					"$(inherited)",
					"$(PLATFORM_DIR)/Developer/Library/Frameworks",
				);
				GCC_NO_COMMON_BLOCKS = NO;
				GCC_PREPROCESSOR_DEFINITIONS = (
					"$(inherited)",
					"SWIFT_PACKAGE=1",
				);
				GCC_WARN_INHIBIT_ALL_WARNINGS = YES;
				INFOPLIST_FILE = "Derived/InfoPlists/PanModal-Info.plist";
				INSTALL_PATH = "$(LOCAL_LIBRARY_DIR)/Frameworks";
				IPHONEOS_DEPLOYMENT_TARGET = 10.0;
				LD_RUNPATH_SEARCH_PATHS = (
					"$(inherited)",
					"@executable_path/Frameworks",
					"@loader_path/Frameworks",
				);
				MACH_O_TYPE = staticlib;
				PRODUCT_BUNDLE_IDENTIFIER = PanModal;
				PRODUCT_NAME = PanModal;
				SDKROOT = iphoneos;
				SKIP_INSTALL = YES;
				SUPPORTS_MACCATALYST = NO;
				SWIFT_ACTIVE_COMPILATION_CONDITIONS = (
					"$(inherited)",
					SWIFT_PACKAGE,
				);
				SWIFT_COMPILATION_MODE = wholemodule;
				SWIFT_OPTIMIZATION_LEVEL = "-Owholemodule";
				SWIFT_SUPPRESS_WARNINGS = YES;
				TARGETED_DEVICE_FAMILY = "1,2";
				USE_HEADERMAP = NO;
				VERSIONING_SYSTEM = "apple-generic";
				VERSION_INFO_PREFIX = "";
			};
			name = Beta;
		};
		B2DA13120AF1D024E631DAC6 /* Release */ = {
			isa = XCBuildConfiguration;
			buildSettings = {
				ALWAYS_SEARCH_USER_PATHS = YES;
				CLANG_ENABLE_OBJC_WEAK = NO;
				CLANG_WARN_QUOTED_INCLUDE_IN_FRAMEWORK_HEADER = NO;
				CODE_SIGN_IDENTITY = "";
				CURRENT_PROJECT_VERSION = 1;
				DEFINES_MODULE = YES;
				DYLIB_COMPATIBILITY_VERSION = 1;
				DYLIB_CURRENT_VERSION = 1;
				DYLIB_INSTALL_NAME_BASE = "@rpath";
				ENABLE_STRICT_OBJC_MSGSEND = NO;
				FRAMEWORK_SEARCH_PATHS = (
					"$(inherited)",
					"$(PLATFORM_DIR)/Developer/Library/Frameworks",
				);
				GCC_NO_COMMON_BLOCKS = NO;
				GCC_PREPROCESSOR_DEFINITIONS = (
					"$(inherited)",
					"SWIFT_PACKAGE=1",
				);
				GCC_WARN_INHIBIT_ALL_WARNINGS = YES;
				INFOPLIST_FILE = "Derived/InfoPlists/PanModal-Info.plist";
				INSTALL_PATH = "$(LOCAL_LIBRARY_DIR)/Frameworks";
				IPHONEOS_DEPLOYMENT_TARGET = 10.0;
				LD_RUNPATH_SEARCH_PATHS = (
					"$(inherited)",
					"@executable_path/Frameworks",
					"@loader_path/Frameworks",
				);
				MACH_O_TYPE = staticlib;
				PRODUCT_BUNDLE_IDENTIFIER = PanModal;
				PRODUCT_NAME = PanModal;
				SDKROOT = iphoneos;
				SKIP_INSTALL = YES;
				SUPPORTS_MACCATALYST = NO;
				SWIFT_ACTIVE_COMPILATION_CONDITIONS = (
					"$(inherited)",
					SWIFT_PACKAGE,
				);
				SWIFT_COMPILATION_MODE = wholemodule;
				SWIFT_OPTIMIZATION_LEVEL = "-Owholemodule";
				SWIFT_SUPPRESS_WARNINGS = YES;
				TARGETED_DEVICE_FAMILY = "1,2";
				USE_HEADERMAP = NO;
				VERSIONING_SYSTEM = "apple-generic";
				VERSION_INFO_PREFIX = "";
			};
			name = Release;
		};
		F97D3E78614357A71CE33B7F /* RC */ = {
			isa = XCBuildConfiguration;
			buildSettings = {
				ALWAYS_SEARCH_USER_PATHS = YES;
				CLANG_ENABLE_OBJC_WEAK = NO;
				CLANG_WARN_QUOTED_INCLUDE_IN_FRAMEWORK_HEADER = NO;
				CODE_SIGN_IDENTITY = "";
				CURRENT_PROJECT_VERSION = 1;
				DEFINES_MODULE = YES;
				DYLIB_COMPATIBILITY_VERSION = 1;
				DYLIB_CURRENT_VERSION = 1;
				DYLIB_INSTALL_NAME_BASE = "@rpath";
				ENABLE_STRICT_OBJC_MSGSEND = NO;
				FRAMEWORK_SEARCH_PATHS = (
					"$(inherited)",
					"$(PLATFORM_DIR)/Developer/Library/Frameworks",
				);
				GCC_NO_COMMON_BLOCKS = NO;
				GCC_PREPROCESSOR_DEFINITIONS = (
					"$(inherited)",
					"SWIFT_PACKAGE=1",
				);
				GCC_WARN_INHIBIT_ALL_WARNINGS = YES;
				INFOPLIST_FILE = "Derived/InfoPlists/PanModal-Info.plist";
				INSTALL_PATH = "$(LOCAL_LIBRARY_DIR)/Frameworks";
				IPHONEOS_DEPLOYMENT_TARGET = 10.0;
				LD_RUNPATH_SEARCH_PATHS = (
					"$(inherited)",
					"@executable_path/Frameworks",
					"@loader_path/Frameworks",
				);
				MACH_O_TYPE = staticlib;
				PRODUCT_BUNDLE_IDENTIFIER = PanModal;
				PRODUCT_NAME = PanModal;
				SDKROOT = iphoneos;
				SKIP_INSTALL = YES;
				SUPPORTS_MACCATALYST = NO;
				SWIFT_ACTIVE_COMPILATION_CONDITIONS = (
					"$(inherited)",
					SWIFT_PACKAGE,
				);
				SWIFT_COMPILATION_MODE = wholemodule;
				SWIFT_OPTIMIZATION_LEVEL = "-Owholemodule";
				SWIFT_SUPPRESS_WARNINGS = YES;
				TARGETED_DEVICE_FAMILY = "1,2";
				USE_HEADERMAP = NO;
				VERSIONING_SYSTEM = "apple-generic";
				VERSION_INFO_PREFIX = "";
			};
			name = RC;
		};
		FE85DC51A522D595FA5E00E8 /* Debug */ = {
			isa = XCBuildConfiguration;
			buildSettings = {
				ALWAYS_SEARCH_USER_PATHS = YES;
				CLANG_ENABLE_OBJC_WEAK = NO;
				CLANG_WARN_QUOTED_INCLUDE_IN_FRAMEWORK_HEADER = NO;
				CODE_SIGN_IDENTITY = "";
				CURRENT_PROJECT_VERSION = 1;
				DEFINES_MODULE = YES;
				DYLIB_COMPATIBILITY_VERSION = 1;
				DYLIB_CURRENT_VERSION = 1;
				DYLIB_INSTALL_NAME_BASE = "@rpath";
				ENABLE_STRICT_OBJC_MSGSEND = NO;
				FRAMEWORK_SEARCH_PATHS = (
					"$(inherited)",
					"$(PLATFORM_DIR)/Developer/Library/Frameworks",
				);
				GCC_NO_COMMON_BLOCKS = NO;
				GCC_PREPROCESSOR_DEFINITIONS = (
					"$(inherited)",
					"SWIFT_PACKAGE=1",
				);
				GCC_WARN_INHIBIT_ALL_WARNINGS = YES;
				INFOPLIST_FILE = "Derived/InfoPlists/PanModal-Info.plist";
				INSTALL_PATH = "$(LOCAL_LIBRARY_DIR)/Frameworks";
				IPHONEOS_DEPLOYMENT_TARGET = 10.0;
				LD_RUNPATH_SEARCH_PATHS = (
					"$(inherited)",
					"@executable_path/Frameworks",
					"@loader_path/Frameworks",
				);
				MACH_O_TYPE = staticlib;
				PRODUCT_BUNDLE_IDENTIFIER = PanModal;
				PRODUCT_NAME = PanModal;
				SDKROOT = iphoneos;
				SKIP_INSTALL = YES;
				SUPPORTS_MACCATALYST = NO;
				SWIFT_ACTIVE_COMPILATION_CONDITIONS = (
					"$(inherited)",
					DEBUG,
					SWIFT_PACKAGE,
				);
				SWIFT_COMPILATION_MODE = singlefile;
				SWIFT_OPTIMIZATION_LEVEL = "-Onone";
				SWIFT_SUPPRESS_WARNINGS = YES;
				TARGETED_DEVICE_FAMILY = "1,2";
				USE_HEADERMAP = NO;
				VERSIONING_SYSTEM = "apple-generic";
				VERSION_INFO_PREFIX = "";
			};
			name = Debug;
		};
/* End XCBuildConfiguration section */

/* Begin XCConfigurationList section */
		1EF84CF17AB6EB3D75687471 /* Build configuration list for PBXNativeTarget "PanModal" */ = {
			isa = XCConfigurationList;
			buildConfigurations = (
				AFB1220559985510119E2D47 /* Beta */,
				FE85DC51A522D595FA5E00E8 /* Debug */,
				F97D3E78614357A71CE33B7F /* RC */,
				B2DA13120AF1D024E631DAC6 /* Release */,
			);
			defaultConfigurationIsVisible = 0;
			defaultConfigurationName = Release;
		};
		CCC9A83A9BFD2A0A523DC090 /* Build configuration list for PBXProject "PanModal" */ = {
			isa = XCConfigurationList;
			buildConfigurations = (
				1D56DC7D6BC19BC32E163F99 /* Beta */,
				9F845F0EE0D93C7D3FF56572 /* Debug */,
				0668EADCA7021F53E887B1AD /* RC */,
				22DDDC7256B72FA8475E139A /* Release */,
			);
			defaultConfigurationIsVisible = 0;
			defaultConfigurationName = Release;
		};
/* End XCConfigurationList section */
	};
	rootObject = 51DD5472E1F398FE6B6A5302 /* Project object */;
}
